
Microsoft Visual Studio Solution File, Format Version 12.00
# Visual Studio 15
VisualStudioVersion = 15.0.28105.52
MinimumVisualStudioVersion = 10.0.40219.1
Project("{FAE04EC0-301F-11D3-BF4B-00C04F79EFBC}") = "Http2Test", "Http2Test\Http2Test.csproj", "{B27A2986-E8DA-4231-8F60-DB88E6A0CC3B}"
EndProject
Project("{FAE04EC0-301F-11D3-BF4B-00C04F79EFBC}") = "HttpTest", "HttpTest\HttpTest.csproj", "{F8E5A233-E6E9-41C0-92B0-3F12BC0116A0}"
EndProject
Global
	GlobalSection(SolutionConfigurationPlatforms) = preSolution
		Debug|Any CPU = Debug|Any CPU
		Release|Any CPU = Release|Any CPU
	EndGlobalSection
	GlobalSection(ProjectConfigurationPlatforms) = postSolution
		{B27A2986-E8DA-4231-8F60-DB88E6A0CC3B}.Debug|Any CPU.ActiveCfg = Debug|Any CPU
		{B27A2986-E8DA-4231-8F60-DB88E6A0CC3B}.Debug|Any CPU.Build.0 = Debug|Any CPU
		{B27A2986-E8DA-4231-8F60-DB88E6A0CC3B}.Release|Any CPU.ActiveCfg = Release|Any CPU
		{B27A2986-E8DA-4231-8F60-DB88E6A0CC3B}.Release|Any CPU.Build.0 = Release|Any CPU
		{F8E5A233-E6E9-41C0-92B0-3F12BC0116A0}.Debug|Any CPU.ActiveCfg = Debug|Any CPU
		{F8E5A233-E6E9-41C0-92B0-3F12BC0116A0}.Debug|Any CPU.Build.0 = Debug|Any CPU
		{F8E5A233-E6E9-41C0-92B0-3F12BC0116A0}.Release|Any CPU.ActiveCfg = Release|Any CPU
		{F8E5A233-E6E9-41C0-92B0-3F12BC0116A0}.Release|Any CPU.Build.0 = Release|Any CPU
	EndGlobalSection
	GlobalSection(SolutionProperties) = preSolution
		HideSolutionNode = FALSE
	EndGlobalSection
	GlobalSection(ExtensibilityGlobals) = postSolution
		SolutionGuid = {34B2BB76-D20D-401D-BB91-7AFD30B4EBA9}
	EndGlobalSection
EndGlobal
